<Solution>
  <Configurations>
    <Platform Name="x64" />
    <Platform Name="x86" />
  </Configurations>
  <Folder Name="/src/" />
  <Folder Name="/src/1. Getting Started/">
    <Project Path="src/1. Getting Started/1.1 Hello Window/1.1 Hello Window.vcxproj" Id="6f550dc8-93d3-4a23-a17e-b495a9be10d0" />
    <Project Path="src/1. Getting Started/1.2 Hello Triangle/1.2 Hello Triangle.vcxproj" Id="398cd20c-cfea-4f28-b90b-b40bf668e27d" />
    <Project Path="src/1. Getting Started/1.2.1 Hello Triangle Indexed/1.2.1 Hello Triangle Indexed.vcxproj" Id="90020b5e-84ba-4749-9e51-3121e7c4ddec" />
    <Project Path="src/1. Getting Started/1.2.2 Two Hello Triangles/1.2.2 Two Hello Triangles.vcxproj" Id="4c70085e-b89a-40fd-b239-c61c41943113" />
    <Project Path="src/1. Getting Started/1.2.3 Two Hello Triangles Different VBOs VAOs/1.2.3 Two Hello Triangles Different VBOs VAOs.vcxproj" Id="45ced052-eeea-47f4-8c9e-6c24039c4ac7" />
    <Project Path="src/1. Getting Started/1.3.1 Shaders Uniform/1.3.1 Shaders Uniform.vcxproj" Id="e801f2ac-d656-43f5-903b-aac4f3f3bb6d" />
    <Project Path="src/1. Getting Started/1.3.2 Shaders Interpolation/1.3.2 Shaders Interpolation.vcxproj" Id="aad36618-1f4f-4bd3-b435-4f981c1449c9" />
    <Project Path="src/1. Getting Started/1.3.3 Shader Class - Upside Down Triangle/1.3.3 Shader Class - Upside Down Triangle.vcxproj" Id="c1bc67fa-caf0-4365-882b-fb59cf4c281b" />
    <Project Path="src/1. Getting Started/1.4.1 Textures/1.4.1 Textures.vcxproj" Id="d91287d7-137a-480e-bf2d-df63de5c0416" />
    <Project Path="src/1. Getting Started/1.4.2 Two Textures/1.4.2 Two Textures.vcxproj" Id="ac0be574-31c7-44f5-b388-70ca1ed0076c" />
    <Project Path="src/1. Getting Started/1.5.1 Vector Transformation/1.5.1 Vector Transformation.vcxproj" Id="75226e0c-6429-438e-a001-43e7015b30bc" />
    <Project Path="src/1. Getting Started/1.6.1 Going 3D/1.6.1 Going 3D.vcxproj" Id="4b465266-9cf0-449f-b8be-9fb3780f9a6b" />
    <Project Path="src/1. Getting Started/1.6.2 More 3D/1.6.2 More 3D.vcxproj" Id="aa547613-64ca-4084-acec-d58d2b2b1c98" />
    <Project Path="src/1. Getting Started/1.7.1 Camera/1.7.1 Camera.vcxproj" Id="744f6cc1-e979-47f4-8470-d218a2be22a9" />
    <Project Path="src/1. Getting Started/1.7.2 Walk Around/1.7.2 Walk Around.vcxproj" Id="f2613f7a-d6df-4624-985e-f16fd8138506" />
    <Project Path="src/1. Getting Started/1.7.3 Look Around/1.7.3 Look Around.vcxproj" Id="84acbeba-1b18-4749-af03-4aa6e92c5003" />
    <Project Path="src/1. Getting Started/1.7.4 FPS Camera/1.7.4 FPS Camera.vcxproj" Id="399c836b-a075-429f-bec7-6639c43aaae3" />
  </Folder>
  <Folder Name="/src/2. Lighting/">
    <Project Path="src/2. Lighting/2.1.1 Colors/2.1.1 Colors.vcxproj" Id="71826411-93f7-4aae-9ac1-d8e120ad2e06" />
    <Project Path="src/2. Lighting/2.2.1 Basic Lighting/2.2.1 Basic Lighting.vcxproj" Id="a65d1724-f795-4a36-a7cf-b1fd98ba1005" />
    <Project Path="src/2. Lighting/2.2.2 Phong in View Space/2.2.2 Phong in View Space.vcxproj" Id="f76f0b17-91eb-4f0a-a4d8-38499d0a1168" />
    <Project Path="src/2. Lighting/2.2.3 Gouraud Lighting/2.2.3 Gouraud Lighting.vcxproj" Id="f8b75066-a9c8-4738-afd6-368cc4f5e211" />
    <Project Path="src/2. Lighting/2.3.1 Materials/2.3.1 Materials.vcxproj" Id="af47d663-d4bd-46ef-8ee6-a3125834d6a3" />
    <Project Path="src/2. Lighting/2.4.1 Texture Maps/2.4.1 Texture Maps.vcxproj" Id="c74201e8-3a5d-4d80-8ebb-c2667aa903d3" />
    <Project Path="src/2. Lighting/2.5.1 Light Casters/2.5.1 Light Casters.vcxproj" Id="b6fa1e05-d74b-4e02-93c4-ef2869cd4d5b" />
    <Project Path="src/2. Lighting/2.5.2 Point Light Casters/2.5.2 Point Light Casters.vcxproj" Id="a94db999-5c84-4e87-978d-5e113ff2c6e7" />
    <Project Path="src/2. Lighting/2.5.3 Spot Light Casters/2.5.3 Spot Light Casters.vcxproj" Id="448dc96d-b080-4fd6-aa0f-7ba720cf804c" />
    <Project Path="src/2. Lighting/2.6.1 Multiple Lights/2.6.1 Multiple Lights.vcxproj" Id="f83f8cde-922a-46b7-913d-204e5bbbb0fb" />
  </Folder>
  <Folder Name="/src/3. Model Loading/">
    <Project Path="src/3. Model Loading/3.1.1 Meshes/3.1.1 Meshes.vcxproj" Id="cfd72811-c4d6-4f53-a736-d85f5d454e94" />
  </Folder>
  <Folder Name="/src/4. Advanced OpenGL/">
    <Project Path="src/4. Advanced OpenGL/4.1.1 Stencil Testing/4.1.1 Stencil Testing.vcxproj" Id="c70a9376-a000-418b-9fed-8568c645c791" />
    <Project Path="src/4. Advanced OpenGL/4.1.10 Instanced Asteroid Field/4.1.10 Instanced Asteroid Field.vcxproj" Id="24920163-08ba-46e0-b1cf-ab236dffc0e8" />
    <Project Path="src/4. Advanced OpenGL/4.1.11 Anti-Aliasing/4.1.11 Anti-Aliasing.vcxproj" Id="0e766d32-99bd-478a-b2f1-18283bbdd57d" />
    <Project Path="src/4. Advanced OpenGL/4.1.12 Shadow Mapping/4.1.12 Shadow Mapping.vcxproj" Id="82b6880b-25b2-4c19-b49c-f77fd5a0d2cc" />
    <Project Path="src/4. Advanced OpenGL/4.1.13 Omnidirectional Shadow Mapping/4.1.13 Omnidirectional Shadow Mapping.vcxproj" Id="0e952f8b-c797-4e92-ad84-a2e8660aa742" />
    <Project Path="src/4. Advanced OpenGL/4.1.14/4.1.14.vcxproj" Id="4be04e9d-cd12-4614-8642-c3c871ff02f8" />
    <Project Path="src/4. Advanced OpenGL/4.1.15/4.1.15.vcxproj" Id="896a3ef8-9ea9-455e-8457-2e0e47ba3747" />
    <Project Path="src/4. Advanced OpenGL/4.1.16 Steep Parallax Mapping/4.1.16 Steep Parallax Mapping.vcxproj" Id="0dbb21b9-c599-4458-b82b-a41b305d866e" />
    <Project Path="src/4. Advanced OpenGL/4.1.17 HDR/4.1.17 HDR.vcxproj" Id="540faa3f-5423-46c6-b81c-36140a740c98" />
    <Project Path="src/4. Advanced OpenGL/4.1.18 Bloom/4.1.18 Bloom.vcxproj" Id="4f4f22c2-69ec-420f-8f1e-75866203f7de" />
    <Project Path="src/4. Advanced OpenGL/4.1.19 Deferred Rendering/4.1.19 Deferred Rendering.vcxproj" Id="32f5340c-d45b-484b-b3ea-81bb700870a7" />
    <Project Path="src/4. Advanced OpenGL/4.1.2 Blending/4.1.2 Blending.vcxproj" Id="535772f8-2aee-4f0d-9b09-cb2b72a8eb5a" />
    <Project Path="src/4. Advanced OpenGL/4.1.20 SSAO/4.1.20 SSAO.vcxproj" Id="ce534e7e-d4ab-43cc-99d9-669705c0299e" />
    <Project Path="src/4. Advanced OpenGL/4.1.3 Face Culling/4.1.3 Face Culling.vcxproj" Id="f86fee73-9a55-4e2e-b781-28c0e7eab394" />
    <Project Path="src/4. Advanced OpenGL/4.1.4 Framebuffers/4.1.4 Framebuffers.vcxproj" Id="ae6f9c55-72c5-4b49-af4f-649e2f5d1ac7" />
    <Project Path="src/4. Advanced OpenGL/4.1.5 Cubemaps/4.1.5 Cubemaps.vcxproj" Id="da52247c-1d2f-4dd2-9c6c-617c0b35ca26" />
    <Project Path="src/4. Advanced OpenGL/4.1.6 Environment Mapping/4.1.6 Environment Mapping.vcxproj" Id="866000dc-5fed-416c-b5de-b92d347997b1" />
    <Project Path="src/4. Advanced OpenGL/4.1.7 Geometry Shader/4.1.7 Geometry Shader.vcxproj" Id="d63753e7-6944-433f-ae6e-75e3cbb6a0a7" />
    <Project Path="src/4. Advanced OpenGL/4.1.8 Normal Geometry Shader/4.1.8 Normal Geometry Shader.vcxproj" Id="888d5237-8e95-4c4f-b27c-b26cb123e9c6" />
    <Project Path="src/4. Advanced OpenGL/4.1.9 Instancing/4.1.9 Instancing.vcxproj" Id="2eee41d3-9005-4bfd-a033-8ae7632da273" />
  </Folder>
  <Folder Name="/src/5. PBR/">
    <Project Path="src/5. PBR/5.1.1 PBR Lighting/5.1.1 PBR Lighting.vcxproj" Id="4a7211fd-b1dc-4b2f-8f79-293a52b0f6ae" />
    <Project Path="src/5. PBR/5.1.2 Textured PBR/5.1.2 Textured PBR.vcxproj" Id="187e443c-f53e-4943-a2e4-94ff2df5a0dc" />
    <Project Path="src/5. PBR/5.1.3 Image Based Lighting/5.1.3 Image Based Lighting.vcxproj" Id="67ea42e6-32a4-42c2-9ce7-820b835badd0" />
    <Project Path="src/5. PBR/5.1.4 Specular IBL/5.1.4 Specular IBL.vcxproj" Id="60cc9c85-cdde-4815-932d-8d8012468ea6" />
  </Folder>
</Solution>
